// !$*UTF8*$!
{
	archiveVersion = 1;
	classes = {
	};
	objectVersion = 46;
	objects = {

/* Begin PBXBuildFile section */
		15C452996251F50242DC9EE0 /* Pods_InstaClone.framework in Frameworks */ = {isa = PBXBuildFile; fileRef = CD7DE8F7FA35B8397C124565 /* Pods_InstaClone.framework */; };
		BA29583A1EE701E000078BC7 /* AuthService.swift in Sources */ = {isa = PBXBuildFile; fileRef = BA2958391EE701E000078BC7 /* AuthService.swift */; };
		BA29583C1EE710FA00078BC7 /* Config.swift in Sources */ = {isa = PBXBuildFile; fileRef = BA29583B1EE710FA00078BC7 /* Config.swift */; };
		BA6E99841EED974700B7DAA9 /* Post.swift in Sources */ = {isa = PBXBuildFile; fileRef = BA6E99831EED974700B7DAA9 /* Post.swift */; };
		BACCE1161EE430AE00EEA6FC /* AppDelegate.swift in Sources */ = {isa = PBXBuildFile; fileRef = BACCE1151EE430AE00EEA6FC /* AppDelegate.swift */; };
		BACCE11B1EE430AE00EEA6FC /* Start.storyboard in Resources */ = {isa = PBXBuildFile; fileRef = BACCE1191EE430AE00EEA6FC /* Start.storyboard */; };
		BACCE11D1EE430AE00EEA6FC /* Assets.xcassets in Resources */ = {isa = PBXBuildFile; fileRef = BACCE11C1EE430AE00EEA6FC /* Assets.xcassets */; };
		BACCE1201EE430AE00EEA6FC /* LaunchScreen.storyboard in Resources */ = {isa = PBXBuildFile; fileRef = BACCE11E1EE430AE00EEA6FC /* LaunchScreen.storyboard */; };
		BACCE12C1EE43FC000EEA6FC /* SignInViewController.swift in Sources */ = {isa = PBXBuildFile; fileRef = BACCE12B1EE43FC000EEA6FC /* SignInViewController.swift */; };
		BACCE12E1EE43FE300EEA6FC /* SignUpViewController.swift in Sources */ = {isa = PBXBuildFile; fileRef = BACCE12D1EE43FE300EEA6FC /* SignUpViewController.swift */; };
		BADCC4CD1EE55FA600BC7E0D /* HomeViewController.swift in Sources */ = {isa = PBXBuildFile; fileRef = BADCC4CC1EE55FA600BC7E0D /* HomeViewController.swift */; };
		BADCC4CF1EE55FD200BC7E0D /* DiscoverViewController.swift in Sources */ = {isa = PBXBuildFile; fileRef = BADCC4CE1EE55FD200BC7E0D /* DiscoverViewController.swift */; };
		BADCC4D11EE55FDB00BC7E0D /* CameraViewController.swift in Sources */ = {isa = PBXBuildFile; fileRef = BADCC4D01EE55FDB00BC7E0D /* CameraViewController.swift */; };
		BADCC4D31EE55FE500BC7E0D /* ActivityViewController.swift in Sources */ = {isa = PBXBuildFile; fileRef = BADCC4D21EE55FE500BC7E0D /* ActivityViewController.swift */; };
		BADCC4D51EE55FED00BC7E0D /* ProfileViewController.swift in Sources */ = {isa = PBXBuildFile; fileRef = BADCC4D41EE55FED00BC7E0D /* ProfileViewController.swift */; };
		BADCC4D81EE5663C00BC7E0D /* Main.storyboard in Resources */ = {isa = PBXBuildFile; fileRef = BADCC4D61EE5663C00BC7E0D /* Main.storyboard */; };
		BADCC4DA1EE567F500BC7E0D /* Home.storyboard in Resources */ = {isa = PBXBuildFile; fileRef = BADCC4D91EE567F500BC7E0D /* Home.storyboard */; };
		BADCC4DD1EE5680300BC7E0D /* Discover.storyboard in Resources */ = {isa = PBXBuildFile; fileRef = BADCC4DB1EE5680300BC7E0D /* Discover.storyboard */; };
		BADCC4DF1EE5680E00BC7E0D /* Camera.storyboard in Resources */ = {isa = PBXBuildFile; fileRef = BADCC4DE1EE5680E00BC7E0D /* Camera.storyboard */; };
		BADCC4E21EE5681B00BC7E0D /* Activity.storyboard in Resources */ = {isa = PBXBuildFile; fileRef = BADCC4E01EE5681B00BC7E0D /* Activity.storyboard */; };
		BADCC4E51EE5682D00BC7E0D /* Profile.storyboard in Resources */ = {isa = PBXBuildFile; fileRef = BADCC4E31EE5682D00BC7E0D /* Profile.storyboard */; };
		BADCC4EA1EE5AE0800BC7E0D /* GoogleService-Info.plist in Resources */ = {isa = PBXBuildFile; fileRef = BADCC4E91EE5AE0800BC7E0D /* GoogleService-Info.plist */; };
		BAEBD6181EE603B100F229CC /* Utilities.swift in Sources */ = {isa = PBXBuildFile; fileRef = BAEBD6171EE603B100F229CC /* Utilities.swift */; };
/* End PBXBuildFile section */

/* Begin PBXFileReference section */
		2731FAF2E792D184D405EC2F /* Pods-InstaClone.debug.xcconfig */ = {isa = PBXFileReference; includeInIndex = 1; lastKnownFileType = text.xcconfig; name = "Pods-InstaClone.debug.xcconfig"; path = "Pods/Target Support Files/Pods-InstaClone/Pods-InstaClone.debug.xcconfig"; sourceTree = "<group>"; };
		A4CA2B3AC3AC040FDFDA5304 /* Pods-InstaClone.release.xcconfig */ = {isa = PBXFileReference; includeInIndex = 1; lastKnownFileType = text.xcconfig; name = "Pods-InstaClone.release.xcconfig"; path = "Pods/Target Support Files/Pods-InstaClone/Pods-InstaClone.release.xcconfig"; sourceTree = "<group>"; };
		BA2958391EE701E000078BC7 /* AuthService.swift */ = {isa = PBXFileReference; fileEncoding = 4; lastKnownFileType = sourcecode.swift; path = AuthService.swift; sourceTree = "<group>"; };
		BA29583B1EE710FA00078BC7 /* Config.swift */ = {isa = PBXFileReference; fileEncoding = 4; lastKnownFileType = sourcecode.swift; path = Config.swift; sourceTree = "<group>"; };
		BA6E99831EED974700B7DAA9 /* Post.swift */ = {isa = PBXFileReference; fileEncoding = 4; lastKnownFileType = sourcecode.swift; path = Post.swift; sourceTree = "<group>"; };
		BACCE1121EE430AE00EEA6FC /* InstaClone.app */ = {isa = PBXFileReference; explicitFileType = wrapper.application; includeInIndex = 0; path = InstaClone.app; sourceTree = BUILT_PRODUCTS_DIR; };
		BACCE1151EE430AE00EEA6FC /* AppDelegate.swift */ = {isa = PBXFileReference; lastKnownFileType = sourcecode.swift; path = AppDelegate.swift; sourceTree = "<group>"; };
		BACCE11A1EE430AE00EEA6FC /* Base */ = {isa = PBXFileReference; lastKnownFileType = file.storyboard; name = Base; path = Base.lproj/Start.storyboard; sourceTree = "<group>"; };
		BACCE11C1EE430AE00EEA6FC /* Assets.xcassets */ = {isa = PBXFileReference; lastKnownFileType = folder.assetcatalog; path = Assets.xcassets; sourceTree = "<group>"; };
		BACCE11F1EE430AE00EEA6FC /* Base */ = {isa = PBXFileReference; lastKnownFileType = file.storyboard; name = Base; path = Base.lproj/LaunchScreen.storyboard; sourceTree = "<group>"; };
		BACCE1211EE430AE00EEA6FC /* Info.plist */ = {isa = PBXFileReference; lastKnownFileType = text.plist.xml; path = Info.plist; sourceTree = "<group>"; };
		BACCE12B1EE43FC000EEA6FC /* SignInViewController.swift */ = {isa = PBXFileReference; fileEncoding = 4; lastKnownFileType = sourcecode.swift; path = SignInViewController.swift; sourceTree = "<group>"; };
		BACCE12D1EE43FE300EEA6FC /* SignUpViewController.swift */ = {isa = PBXFileReference; fileEncoding = 4; lastKnownFileType = sourcecode.swift; path = SignUpViewController.swift; sourceTree = "<group>"; };
		BADCC4CC1EE55FA600BC7E0D /* HomeViewController.swift */ = {isa = PBXFileReference; fileEncoding = 4; lastKnownFileType = sourcecode.swift; path = HomeViewController.swift; sourceTree = "<group>"; };
		BADCC4CE1EE55FD200BC7E0D /* DiscoverViewController.swift */ = {isa = PBXFileReference; fileEncoding = 4; lastKnownFileType = sourcecode.swift; path = DiscoverViewController.swift; sourceTree = "<group>"; };
		BADCC4D01EE55FDB00BC7E0D /* CameraViewController.swift */ = {isa = PBXFileReference; fileEncoding = 4; lastKnownFileType = sourcecode.swift; path = CameraViewController.swift; sourceTree = "<group>"; };
		BADCC4D21EE55FE500BC7E0D /* ActivityViewController.swift */ = {isa = PBXFileReference; fileEncoding = 4; lastKnownFileType = sourcecode.swift; path = ActivityViewController.swift; sourceTree = "<group>"; };
		BADCC4D41EE55FED00BC7E0D /* ProfileViewController.swift */ = {isa = PBXFileReference; fileEncoding = 4; lastKnownFileType = sourcecode.swift; path = ProfileViewController.swift; sourceTree = "<group>"; };
		BADCC4D71EE5663C00BC7E0D /* Base */ = {isa = PBXFileReference; lastKnownFileType = file.storyboard; name = Base; path = Base.lproj/Main.storyboard; sourceTree = "<group>"; };
		BADCC4D91EE567F500BC7E0D /* Home.storyboard */ = {isa = PBXFileReference; fileEncoding = 4; lastKnownFileType = file.storyboard; path = Home.storyboard; sourceTree = "<group>"; };
		BADCC4DC1EE5680300BC7E0D /* Base */ = {isa = PBXFileReference; lastKnownFileType = file.storyboard; name = Base; path = Base.lproj/Discover.storyboard; sourceTree = "<group>"; };
		BADCC4DE1EE5680E00BC7E0D /* Camera.storyboard */ = {isa = PBXFileReference; fileEncoding = 4; lastKnownFileType = file.storyboard; path = Camera.storyboard; sourceTree = "<group>"; };
		BADCC4E11EE5681B00BC7E0D /* Base */ = {isa = PBXFileReference; lastKnownFileType = file.storyboard; name = Base; path = Base.lproj/Activity.storyboard; sourceTree = "<group>"; };
		BADCC4E41EE5682D00BC7E0D /* Base */ = {isa = PBXFileReference; lastKnownFileType = file.storyboard; name = Base; path = Base.lproj/Profile.storyboard; sourceTree = "<group>"; };
		BADCC4E91EE5AE0800BC7E0D /* GoogleService-Info.plist */ = {isa = PBXFileReference; fileEncoding = 4; lastKnownFileType = text.plist.xml; name = "GoogleService-Info.plist"; path = "../../../../Downloads/GoogleService-Info.plist"; sourceTree = "<group>"; };
		BAEBD6171EE603B100F229CC /* Utilities.swift */ = {isa = PBXFileReference; fileEncoding = 4; lastKnownFileType = sourcecode.swift; path = Utilities.swift; sourceTree = "<group>"; };
		CD7DE8F7FA35B8397C124565 /* Pods_InstaClone.framework */ = {isa = PBXFileReference; explicitFileType = wrapper.framework; includeInIndex = 0; path = Pods_InstaClone.framework; sourceTree = BUILT_PRODUCTS_DIR; };
/* End PBXFileReference section */

/* Begin PBXFrameworksBuildPhase section */
		BACCE10F1EE430AE00EEA6FC /* Frameworks */ = {
			isa = PBXFrameworksBuildPhase;
			buildActionMask = 2147483647;
			files = (
				15C452996251F50242DC9EE0 /* Pods_InstaClone.framework in Frameworks */,
			);
			runOnlyForDeploymentPostprocessing = 0;
		};
/* End PBXFrameworksBuildPhase section */

/* Begin PBXGroup section */
		BA6E99821EED973200B7DAA9 /* Model */ = {
			isa = PBXGroup;
			children = (
				BA6E99831EED974700B7DAA9 /* Post.swift */,
			);
			name = Model;
			sourceTree = "<group>";
		};
		BACCE1091EE430AE00EEA6FC = {
			isa = PBXGroup;
			children = (
				BACCE1141EE430AE00EEA6FC /* InstaClone */,
				BACCE1131EE430AE00EEA6FC /* Products */,
				F94EB95C4109413EED262F6A /* Pods */,
				F7917836FABC0BA9FAF3FE39 /* Frameworks */,
			);
			sourceTree = "<group>";
		};
		BACCE1131EE430AE00EEA6FC /* Products */ = {
			isa = PBXGroup;
			children = (
				BACCE1121EE430AE00EEA6FC /* InstaClone.app */,
			);
			name = Products;
			sourceTree = "<group>";
		};
		BACCE1141EE430AE00EEA6FC /* InstaClone */ = {
			isa = PBXGroup;
			children = (
				BA6E99821EED973200B7DAA9 /* Model */,
				BACCE1151EE430AE00EEA6FC /* AppDelegate.swift */,
				BAEBD6171EE603B100F229CC /* Utilities.swift */,
				BA2958391EE701E000078BC7 /* AuthService.swift */,
				BA29583B1EE710FA00078BC7 /* Config.swift */,
				BADCC4E71EE5ACD600BC7E0D /* ViewControllers */,
				BADCC4E61EE5ACBB00BC7E0D /* Storyboards */,
				BADCC4E81EE5ACF600BC7E0D /* Supporting Files */,
			);
			path = InstaClone;
			sourceTree = "<group>";
		};
		BADCC4E61EE5ACBB00BC7E0D /* Storyboards */ = {
			isa = PBXGroup;
			children = (
				BACCE1191EE430AE00EEA6FC /* Start.storyboard */,
				BADCC4D61EE5663C00BC7E0D /* Main.storyboard */,
				BADCC4D91EE567F500BC7E0D /* Home.storyboard */,
				BADCC4DB1EE5680300BC7E0D /* Discover.storyboard */,
				BADCC4DE1EE5680E00BC7E0D /* Camera.storyboard */,
				BADCC4E01EE5681B00BC7E0D /* Activity.storyboard */,
				BADCC4E31EE5682D00BC7E0D /* Profile.storyboard */,
			);
			name = Storyboards;
			sourceTree = "<group>";
		};
		BADCC4E71EE5ACD600BC7E0D /* ViewControllers */ = {
			isa = PBXGroup;
			children = (
				BACCE12D1EE43FE300EEA6FC /* SignUpViewController.swift */,
				BACCE12B1EE43FC000EEA6FC /* SignInViewController.swift */,
				BADCC4D01EE55FDB00BC7E0D /* CameraViewController.swift */,
				BADCC4CC1EE55FA600BC7E0D /* HomeViewController.swift */,
				BADCC4CE1EE55FD200BC7E0D /* DiscoverViewController.swift */,
				BADCC4D21EE55FE500BC7E0D /* ActivityViewController.swift */,
				BADCC4D41EE55FED00BC7E0D /* ProfileViewController.swift */,
			);
			name = ViewControllers;
			sourceTree = "<group>";
		};
		BADCC4E81EE5ACF600BC7E0D /* Supporting Files */ = {
			isa = PBXGroup;
			children = (
				BADCC4E91EE5AE0800BC7E0D /* GoogleService-Info.plist */,
				BACCE11C1EE430AE00EEA6FC /* Assets.xcassets */,
				BACCE11E1EE430AE00EEA6FC /* LaunchScreen.storyboard */,
				BACCE1211EE430AE00EEA6FC /* Info.plist */,
			);
			name = "Supporting Files";
			sourceTree = "<group>";
		};
		F7917836FABC0BA9FAF3FE39 /* Frameworks */ = {
			isa = PBXGroup;
			children = (
				CD7DE8F7FA35B8397C124565 /* Pods_InstaClone.framework */,
			);
			name = Frameworks;
			sourceTree = "<group>";
		};
		F94EB95C4109413EED262F6A /* Pods */ = {
			isa = PBXGroup;
			children = (
				2731FAF2E792D184D405EC2F /* Pods-InstaClone.debug.xcconfig */,
				A4CA2B3AC3AC040FDFDA5304 /* Pods-InstaClone.release.xcconfig */,
			);
			name = Pods;
			sourceTree = "<group>";
		};
/* End PBXGroup section */

/* Begin PBXNativeTarget section */
		BACCE1111EE430AE00EEA6FC /* InstaClone */ = {
			isa = PBXNativeTarget;
			buildConfigurationList = BACCE1241EE430AE00EEA6FC /* Build configuration list for PBXNativeTarget "InstaClone" */;
			buildPhases = (
				121EDFFA3F0E8F3B6B8FBBD7 /* [CP] Check Pods Manifest.lock */,
				BACCE10E1EE430AE00EEA6FC /* Sources */,
				BACCE10F1EE430AE00EEA6FC /* Frameworks */,
				BACCE1101EE430AE00EEA6FC /* Resources */,
				97030C01682BE1FBE979548B /* [CP] Embed Pods Frameworks */,
				C06DBF7745E79F1D0B2CBF58 /* [CP] Copy Pods Resources */,
			);
			buildRules = (
			);
			dependencies = (
			);
			name = InstaClone;
			productName = InstaClone;
			productReference = BACCE1121EE430AE00EEA6FC /* InstaClone.app */;
			productType = "com.apple.product-type.application";
		};
/* End PBXNativeTarget section */

/* Begin PBXProject section */
		BACCE10A1EE430AE00EEA6FC /* Project object */ = {
			isa = PBXProject;
			attributes = {
				LastSwiftUpdateCheck = 0830;
				LastUpgradeCheck = 0830;
				ORGANIZATIONNAME = Relorie;
				TargetAttributes = {
					BACCE1111EE430AE00EEA6FC = {
						CreatedOnToolsVersion = 8.3.2;
						ProvisioningStyle = Automatic;
					};
				};
			};
			buildConfigurationList = BACCE10D1EE430AE00EEA6FC /* Build configuration list for PBXProject "InstaClone" */;
			compatibilityVersion = "Xcode 3.2";
			developmentRegion = English;
			hasScannedForEncodings = 0;
			knownRegions = (
				en,
				Base,
			);
			mainGroup = BACCE1091EE430AE00EEA6FC;
			productRefGroup = BACCE1131EE430AE00EEA6FC /* Products */;
			projectDirPath = "";
			projectRoot = "";
			targets = (
				BACCE1111EE430AE00EEA6FC /* InstaClone */,
			);
		};
/* End PBXProject section */

/* Begin PBXResourcesBuildPhase section */
		BACCE1101EE430AE00EEA6FC /* Resources */ = {
			isa = PBXResourcesBuildPhase;
			buildActionMask = 2147483647;
			files = (
				BACCE1201EE430AE00EEA6FC /* LaunchScreen.storyboard in Resources */,
				BADCC4DF1EE5680E00BC7E0D /* Camera.storyboard in Resources */,
				BADCC4DA1EE567F500BC7E0D /* Home.storyboard in Resources */,
				BADCC4D81EE5663C00BC7E0D /* Main.storyboard in Resources */,
				BACCE11D1EE430AE00EEA6FC /* Assets.xcassets in Resources */,
				BACCE11B1EE430AE00EEA6FC /* Start.storyboard in Resources */,
				BADCC4E51EE5682D00BC7E0D /* Profile.storyboard in Resources */,
				BADCC4EA1EE5AE0800BC7E0D /* GoogleService-Info.plist in Resources */,
				BADCC4DD1EE5680300BC7E0D /* Discover.storyboard in Resources */,
				BADCC4E21EE5681B00BC7E0D /* Activity.storyboard in Resources */,
			);
			runOnlyForDeploymentPostprocessing = 0;
		};
/* End PBXResourcesBuildPhase section */

/* Begin PBXShellScriptBuildPhase section */
		121EDFFA3F0E8F3B6B8FBBD7 /* [CP] Check Pods Manifest.lock */ = {
			isa = PBXShellScriptBuildPhase;
			buildActionMask = 2147483647;
			files = (
			);
			inputPaths = (
			);
			name = "[CP] Check Pods Manifest.lock";
			outputPaths = (
			);
			runOnlyForDeploymentPostprocessing = 0;
			shellPath = /bin/sh;
			shellScript = "diff \"${PODS_ROOT}/../Podfile.lock\" \"${PODS_ROOT}/Manifest.lock\" > /dev/null\nif [ $? != 0 ] ; then\n    # print error to STDERR\n    echo \"error: The sandbox is not in sync with the Podfile.lock. Run 'pod install' or update your CocoaPods installation.\" >&2\n    exit 1\nfi\n";
			showEnvVarsInLog = 0;
		};
		97030C01682BE1FBE979548B /* [CP] Embed Pods Frameworks */ = {
			isa = PBXShellScriptBuildPhase;
			buildActionMask = 2147483647;
			files = (
			);
			inputPaths = (
			);
			name = "[CP] Embed Pods Frameworks";
			outputPaths = (
			);
			runOnlyForDeploymentPostprocessing = 0;
			shellPath = /bin/sh;
			shellScript = "\"${SRCROOT}/Pods/Target Support Files/Pods-InstaClone/Pods-InstaClone-frameworks.sh\"\n";
			showEnvVarsInLog = 0;
		};
		C06DBF7745E79F1D0B2CBF58 /* [CP] Copy Pods Resources */ = {
			isa = PBXShellScriptBuildPhase;
			buildActionMask = 2147483647;
			files = (
			);
			inputPaths = (
			);
			name = "[CP] Copy Pods Resources";
			outputPaths = (
			);
			runOnlyForDeploymentPostprocessing = 0;
			shellPath = /bin/sh;
			shellScript = "\"${SRCROOT}/Pods/Target Support Files/Pods-InstaClone/Pods-InstaClone-resources.sh\"\n";
			showEnvVarsInLog = 0;
		};
/* End PBXShellScriptBuildPhase section */

/* Begin PBXSourcesBuildPhase section */
		BACCE10E1EE430AE00EEA6FC /* Sources */ = {
			isa = PBXSourcesBuildPhase;
			buildActionMask = 2147483647;
			files = (
				BACCE12E1EE43FE300EEA6FC /* SignUpViewController.swift in Sources */,
				BACCE12C1EE43FC000EEA6FC /* SignInViewController.swift in Sources */,
				BACCE1161EE430AE00EEA6FC /* AppDelegate.swift in Sources */,
				BA6E99841EED974700B7DAA9 /* Post.swift in Sources */,
				BADCC4CD1EE55FA600BC7E0D /* HomeViewController.swift in Sources */,
				BA29583C1EE710FA00078BC7 /* Config.swift in Sources */,
				BADCC4D31EE55FE500BC7E0D /* ActivityViewController.swift in Sources */,
				BADCC4CF1EE55FD200BC7E0D /* DiscoverViewController.swift in Sources */,
				BAEBD6181EE603B100F229CC /* Utilities.swift in Sources */,
				BA29583A1EE701E000078BC7 /* AuthService.swift in Sources */,
				BADCC4D51EE55FED00BC7E0D /* ProfileViewController.swift in Sources */,
				BADCC4D11EE55FDB00BC7E0D /* CameraViewController.swift in Sources */,
			);
			runOnlyForDeploymentPostprocessing = 0;
		};
/* End PBXSourcesBuildPhase section */

/* Begin PBXVariantGroup section */
		BACCE1191EE430AE00EEA6FC /* Start.storyboard */ = {
			isa = PBXVariantGroup;
			children = (
				BACCE11A1EE430AE00EEA6FC /* Base */,
			);
			name = Start.storyboard;
			sourceTree = "<group>";
		};
		BACCE11E1EE430AE00EEA6FC /* LaunchScreen.storyboard */ = {
			isa = PBXVariantGroup;
			children = (
				BACCE11F1EE430AE00EEA6FC /* Base */,
			);
			name = LaunchScreen.storyboard;
			sourceTree = "<group>";
		};
		BADCC4D61EE5663C00BC7E0D /* Main.storyboard */ = {
			isa = PBXVariantGroup;
			children = (
				BADCC4D71EE5663C00BC7E0D /* Base */,
			);
			name = Main.storyboard;
			sourceTree = "<group>";
		};
		BADCC4DB1EE5680300BC7E0D /* Discover.storyboard */ = {
			isa = PBXVariantGroup;
			children = (
				BADCC4DC1EE5680300BC7E0D /* Base */,
			);
			name = Discover.storyboard;
			sourceTree = "<group>";
		};
		BADCC4E01EE5681B00BC7E0D /* Activity.storyboard */ = {
			isa = PBXVariantGroup;
			children = (
				BADCC4E11EE5681B00BC7E0D /* Base */,
			);
			name = Activity.storyboard;
			sourceTree = "<group>";
		};
		BADCC4E31EE5682D00BC7E0D /* Profile.storyboard */ = {
			isa = PBXVariantGroup;
			children = (
				BADCC4E41EE5682D00BC7E0D /* Base */,
			);
			name = Profile.storyboard;
			sourceTree = "<group>";
		};
/* End PBXVariantGroup section */

/* Begin XCBuildConfiguration section */
		BACCE1221EE430AE00EEA6FC /* Debug */ = {
			isa = XCBuildConfiguration;
			buildSettings = {
				ALWAYS_SEARCH_USER_PATHS = NO;
				CLANG_ANALYZER_NONNULL = YES;
				CLANG_ANALYZER_NUMBER_OBJECT_CONVERSION = YES_AGGRESSIVE;
				CLANG_CXX_LANGUAGE_STANDARD = "gnu++0x";
				CLANG_CXX_LIBRARY = "libc++";
				CLANG_ENABLE_MODULES = YES;
				CLANG_ENABLE_OBJC_ARC = YES;
				CLANG_WARN_BOOL_CONVERSION = YES;
				CLANG_WARN_CONSTANT_CONVERSION = YES;
				CLANG_WARN_DIRECT_OBJC_ISA_USAGE = YES_ERROR;
				CLANG_WARN_DOCUMENTATION_COMMENTS = YES;
				CLANG_WARN_EMPTY_BODY = YES;
				CLANG_WARN_ENUM_CONVERSION = YES;
				CLANG_WARN_INFINITE_RECURSION = YES;
				CLANG_WARN_INT_CONVERSION = YES;
				CLANG_WARN_OBJC_ROOT_CLASS = YES_ERROR;
				CLANG_WARN_SUSPICIOUS_MOVE = YES;
				CLANG_WARN_UNREACHABLE_CODE = YES;
				CLANG_WARN__DUPLICATE_METHOD_MATCH = YES;
				"CODE_SIGN_IDENTITY[sdk=iphoneos*]" = "iPhone Developer";
				COPY_PHASE_STRIP = NO;
				DEBUG_INFORMATION_FORMAT = dwarf;
				ENABLE_STRICT_OBJC_MSGSEND = YES;
				ENABLE_TESTABILITY = YES;
				GCC_C_LANGUAGE_STANDARD = gnu99;
				GCC_DYNAMIC_NO_PIC = NO;
				GCC_NO_COMMON_BLOCKS = YES;
				GCC_OPTIMIZATION_LEVEL = 0;
				GCC_PREPROCESSOR_DEFINITIONS = (
					"DEBUG=1",
					"$(inherited)",
				);
				GCC_WARN_64_TO_32_BIT_CONVERSION = YES;
				GCC_WARN_ABOUT_RETURN_TYPE = YES_ERROR;
				GCC_WARN_UNDECLARED_SELECTOR = YES;
				GCC_WARN_UNINITIALIZED_AUTOS = YES_AGGRESSIVE;
				GCC_WARN_UNUSED_FUNCTION = YES;
				GCC_WARN_UNUSED_VARIABLE = YES;
				IPHONEOS_DEPLOYMENT_TARGET = 10.3;
				MTL_ENABLE_DEBUG_INFO = YES;
				ONLY_ACTIVE_ARCH = YES;
				SDKROOT = iphoneos;
				SWIFT_ACTIVE_COMPILATION_CONDITIONS = DEBUG;
				SWIFT_OPTIMIZATION_LEVEL = "-Onone";
				TARGETED_DEVICE_FAMILY = "1,2";
			};
			name = Debug;
		};
		BACCE1231EE430AE00EEA6FC /* Release */ = {
			isa = XCBuildConfiguration;
			buildSettings = {
				ALWAYS_SEARCH_USER_PATHS = NO;
				CLANG_ANALYZER_NONNULL = YES;
				CLANG_ANALYZER_NUMBER_OBJECT_CONVERSION = YES_AGGRESSIVE;
				CLANG_CXX_LANGUAGE_STANDARD = "gnu++0x";
				CLANG_CXX_LIBRARY = "libc++";
				CLANG_ENABLE_MODULES = YES;
				CLANG_ENABLE_OBJC_ARC = YES;
				CLANG_WARN_BOOL_CONVERSION = YES;
				CLANG_WARN_CONSTANT_CONVERSION = YES;
				CLANG_WARN_DIRECT_OBJC_ISA_USAGE = YES_ERROR;
				CLANG_WARN_DOCUMENTATION_COMMENTS = YES;
				CLANG_WARN_EMPTY_BODY = YES;
				CLANG_WARN_ENUM_CONVERSION = YES;
				CLANG_WARN_INFINITE_RECURSION = YES;
				CLANG_WARN_INT_CONVERSION = YES;
				CLANG_WARN_OBJC_ROOT_CLASS = YES_ERROR;
				CLANG_WARN_SUSPICIOUS_MOVE = YES;
				CLANG_WARN_UNREACHABLE_CODE = YES;
				CLANG_WARN__DUPLICATE_METHOD_MATCH = YES;
				"CODE_SIGN_IDENTITY[sdk=iphoneos*]" = "iPhone Developer";
				COPY_PHASE_STRIP = NO;
				DEBUG_INFORMATION_FORMAT = "dwarf-with-dsym";
				ENABLE_NS_ASSERTIONS = NO;
				ENABLE_STRICT_OBJC_MSGSEND = YES;
				GCC_C_LANGUAGE_STANDARD = gnu99;
				GCC_NO_COMMON_BLOCKS = YES;
				GCC_WARN_64_TO_32_BIT_CONVERSION = YES;
				GCC_WARN_ABOUT_RETURN_TYPE = YES_ERROR;
				GCC_WARN_UNDECLARED_SELECTOR = YES;
				GCC_WARN_UNINITIALIZED_AUTOS = YES_AGGRESSIVE;
				GCC_WARN_UNUSED_FUNCTION = YES;
				GCC_WARN_UNUSED_VARIABLE = YES;
				IPHONEOS_DEPLOYMENT_TARGET = 10.3;
				MTL_ENABLE_DEBUG_INFO = NO;
				SDKROOT = iphoneos;
				SWIFT_OPTIMIZATION_LEVEL = "-Owholemodule";
				TARGETED_DEVICE_FAMILY = "1,2";
				VALIDATE_PRODUCT = YES;
			};
			name = Release;
		};
		BACCE1251EE430AE00EEA6FC /* Debug */ = {
			isa = XCBuildConfiguration;
			baseConfigurationReference = 2731FAF2E792D184D405EC2F /* Pods-InstaClone.debug.xcconfig */;
			buildSettings = {
				ASSETCATALOG_COMPILER_APPICON_NAME = AppIcon;
				INFOPLIST_FILE = InstaClone/Info.plist;
				LD_RUNPATH_SEARCH_PATHS = "$(inherited) @executable_path/Frameworks";
				PRODUCT_BUNDLE_IDENTIFIER = com.relorie.InstaClone;
				PRODUCT_NAME = "$(TARGET_NAME)";
				SWIFT_VERSION = 3.0;
			};
			name = Debug;
		};
		BACCE1261EE430AE00EEA6FC /* Release */ = {
			isa = XCBuildConfiguration;
			baseConfigurationReference = A4CA2B3AC3AC040FDFDA5304 /* Pods-InstaClone.release.xcconfig */;
			buildSettings = {
				ASSETCATALOG_COMPILER_APPICON_NAME = AppIcon;
				INFOPLIST_FILE = InstaClone/Info.plist;
				LD_RUNPATH_SEARCH_PATHS = "$(inherited) @executable_path/Frameworks";
				PRODUCT_BUNDLE_IDENTIFIER = com.relorie.InstaClone;
				PRODUCT_NAME = "$(TARGET_NAME)";
				SWIFT_VERSION = 3.0;
			};
			name = Release;
		};
/* End XCBuildConfiguration section */

/* Begin XCConfigurationList section */
		BACCE10D1EE430AE00EEA6FC /* Build configuration list for PBXProject "InstaClone" */ = {
			isa = XCConfigurationList;
			buildConfigurations = (
				BACCE1221EE430AE00EEA6FC /* Debug */,
				BACCE1231EE430AE00EEA6FC /* Release */,
			);
			defaultConfigurationIsVisible = 0;
			defaultConfigurationName = Release;
		};
		BACCE1241EE430AE00EEA6FC /* Build configuration list for PBXNativeTarget "InstaClone" */ = {
			isa = XCConfigurationList;
			buildConfigurations = (
				BACCE1251EE430AE00EEA6FC /* Debug */,
				BACCE1261EE430AE00EEA6FC /* Release */,
			);
			defaultConfigurationIsVisible = 0;
			defaultConfigurationName = Release;
		};
/* End XCConfigurationList section */
	};
	rootObject = BACCE10A1EE430AE00EEA6FC /* Project object */;
}
